
Microsoft Visual Studio Solution File, Format Version 12.00
Project("{2150E333-8FDC-42A3-9474-1A3956D46DE8}") = "src", "src", "{4E4D88D3-6446-433B-88E2-10E6AC212B36}"
EndProject
Project("{FAE04EC0-301F-11D3-BF4B-00C04F79EFBC}") = "WorkerService", "src\WorkerService\WorkerService.csproj", "{32BEA498-D348-431B-A359-38C82EF85CEA}"
EndProject
Global
	GlobalSection(SolutionConfigurationPlatforms) = preSolution
		Debug|Any CPU = Debug|Any CPU
		Release|Any CPU = Release|Any CPU
	EndGlobalSection
	GlobalSection(NestedProjects) = preSolution
		{32BEA498-D348-431B-A359-38C82EF85CEA} = {4E4D88D3-6446-433B-88E2-10E6AC212B36}
	EndGlobalSection
	GlobalSection(ProjectConfigurationPlatforms) = postSolution
		{32BEA498-D348-431B-A359-38C82EF85CEA}.Debug|Any CPU.ActiveCfg = Debug|Any CPU
		{32BEA498-D348-431B-A359-38C82EF85CEA}.Debug|Any CPU.Build.0 = Debug|Any CPU
		{32BEA498-D348-431B-A359-38C82EF85CEA}.Release|Any CPU.ActiveCfg = Release|Any CPU
		{32BEA498-D348-431B-A359-38C82EF85CEA}.Release|Any CPU.Build.0 = Release|Any CPU
	EndGlobalSection
EndGlobal
